# THIS IS AN AUTOGENERATED FILE. DO NOT EDIT THIS FILE DIRECTLY.
# yarn lockfile v1


"@popperjs/core@^2.6.0":
  version "2.6.0"
  resolved "https://registry.yarnpkg.com/@popperjs/core/-/core-2.6.0.tgz#f022195afdfc942e088ee2101285a1d31c7d727f"
  integrity sha512-cPqjjzuFWNK3BSKLm0abspP0sp/IGOli4p5I5fKFAzdS8fvjdOwDCfZqAaIiXd9lPkOWi3SUUfZof3hEb7J/uw==

"@rails/actioncable@^6.0.0":
  version "6.1.1"
  resolved "https://registry.yarnpkg.com/@rails/actioncable/-/actioncable-6.1.1.tgz#e980b2ea1c62cae17bcddad37deb6ba88d498b63"
  integrity sha512-A8toxvSuzK/wX9uMwyV6T1EYzlqzIJNrO8XiNCSNsmKresdX2cbAjxFdMu9haaPJPjl3aC2FKRJeVCUWVtLPAQ==

"@rails/activestorage@^6.0.0":
  version "6.1.1"
  resolved "https://registry.yarnpkg.com/@rails/activestorage/-/activestorage-6.1.1.tgz#c7e9c849ab9487c9914bd0bb447467cb4520bc56"
  integrity sha512-eSVffvzY0MrC4bGP6RrqvlHM06HZ1kc/4XM3XkoL8pAObDANREfd9Dstm7mYpsgPLyhtJ96QxYLV27IoFiVTbQ==
  dependencies:
    spark-md5 "^3.0.0"

"@rails/ujs@^6.0.0":
  version "6.1.1"
  resolved "https://registry.yarnpkg.com/@rails/ujs/-/ujs-6.1.1.tgz#25c4e60018274b37e5ba0850134f6445429de2f5"
  integrity sha512-uF6zEbXpGkNa7Vvxrd9Yqas8xsbc3lsC733V6I7fXgPuj8xXiuZakdE4uIyQSFRVmZKe12qmC6CNJNtIEvt4bA==

bootstrap@^5.0.0-beta1:
  version "5.0.0-beta1"
  resolved "https://registry.yarnpkg.com/bootstrap/-/bootstrap-5.0.0-beta1.tgz#18135001a452b3ec38b344ac638a1f9549285ee7"
  integrity sha512-UrHApw/WRmT7l2rlDdn5iXr7Jps/LlMZtJlLn9G41aGDfss48hyDeYyHtX1C6NHKVcmdUarGG+ve0LZB5iHyTQ==

spark-md5@^3.0.0:
  version "3.0.1"
  resolved "https://registry.yarnpkg.com/spark-md5/-/spark-md5-3.0.1.tgz#83a0e255734f2ab4e5c466e5a2cfc9ba2aa2124d"
  integrity sha512-0tF3AGSD1ppQeuffsLDIOWlKUd3lS92tFxcsrh5Pe3ZphhnoK+oXIBTzOAThZCiuINZLvpiLH/1VS1/ANEJVig==

turbolinks@^5.2.0:
  version "5.2.0"
  resolved "https://registry.yarnpkg.com/turbolinks/-/turbolinks-5.2.0.tgz#e6877a55ea5c1cb3bb225f0a4ae303d6d32ff77c"
  integrity sha512-pMiez3tyBo6uRHFNNZoYMmrES/IaGgMhQQM+VFF36keryjb5ms0XkVpmKHkfW/4Vy96qiGW3K9bz0tF5sK9bBw==
